// !$*UTF8*$!
{
	archiveVersion = 1;
	classes = {
	};
	objectVersion = 77;
	objects = {

/* Begin PBXContainerItemProxy section */
		6B5EAB502CCA3B260055EEEA /* PBXContainerItemProxy */ = {
			isa = PBXContainerItemProxy;
			containerPortal = 6B5EAB372CCA3B250055EEEA /* Project object */;
			proxyType = 1;
			remoteGlobalIDString = 6B5EAB3E2CCA3B250055EEEA;
			remoteInfo = SantiSbustati;
		};
		6B5EAB5A2CCA3B260055EEEA /* PBXContainerItemProxy */ = {
			isa = PBXContainerItemProxy;
			containerPortal = 6B5EAB372CCA3B250055EEEA /* Project object */;
			proxyType = 1;
			remoteGlobalIDString = 6B5EAB3E2CCA3B250055EEEA;
			remoteInfo = SantiSbustati;
		};
/* End PBXContainerItemProxy section */

/* Begin PBXFileReference section */
		6B5EAB3F2CCA3B250055EEEA /* SantiSbustati.app */ = {isa = PBXFileReference; explicitFileType = wrapper.application; includeInIndex = 0; path = SantiSbustati.app; sourceTree = BUILT_PRODUCTS_DIR; };
		6B5EAB4F2CCA3B260055EEEA /* SantiSbustatiTests.xctest */ = {isa = PBXFileReference; explicitFileType = wrapper.cfbundle; includeInIndex = 0; path = SantiSbustatiTests.xctest; sourceTree = BUILT_PRODUCTS_DIR; };
		6B5EAB592CCA3B260055EEEA /* SantiSbustatiUITests.xctest */ = {isa = PBXFileReference; explicitFileType = wrapper.cfbundle; includeInIndex = 0; path = SantiSbustatiUITests.xctest; sourceTree = BUILT_PRODUCTS_DIR; };
/* End PBXFileReference section */

/* Begin PBXFileSystemSynchronizedRootGroup section */
		6B5EAB412CCA3B250055EEEA /* SantiSbustati */ = {
			isa = PBXFileSystemSynchronizedRootGroup;
			path = SantiSbustati;
			sourceTree = "<group>";
		};
		6B5EAB522CCA3B260055EEEA /* SantiSbustatiTests */ = {
			isa = PBXFileSystemSynchronizedRootGroup;
			path = SantiSbustatiTests;
			sourceTree = "<group>";
		};
		6B5EAB5C2CCA3B260055EEEA /* SantiSbustatiUITests */ = {
			isa = PBXFileSystemSynchronizedRootGroup;
			path = SantiSbustatiUITests;
			sourceTree = "<group>";
		};
/* End PBXFileSystemSynchronizedRootGroup section */

/* Begin PBXFrameworksBuildPhase section */
		6B5EAB3C2CCA3B250055EEEA /* Frameworks */ = {
			isa = PBXFrameworksBuildPhase;
			buildActionMask = 2147483647;
			files = (
			);
			runOnlyForDeploymentPostprocessing = 0;
		};
		6B5EAB4C2CCA3B260055EEEA /* Frameworks */ = {
			isa = PBXFrameworksBuildPhase;
			buildActionMask = 2147483647;
			files = (
			);
			runOnlyForDeploymentPostprocessing = 0;
		};
		6B5EAB562CCA3B260055EEEA /* Frameworks */ = {
			isa = PBXFrameworksBuildPhase;
			buildActionMask = 2147483647;
			files = (
			);
			runOnlyForDeploymentPostprocessing = 0;
		};
/* End PBXFrameworksBuildPhase section */

/* Begin PBXGroup section */
		6B5EAB362CCA3B250055EEEA = {
			isa = PBXGroup;
			children = (
				6B5EAB412CCA3B250055EEEA /* SantiSbustati */,
				6B5EAB522CCA3B260055EEEA /* SantiSbustatiTests */,
				6B5EAB5C2CCA3B260055EEEA /* SantiSbustatiUITests */,
				6B5EAB402CCA3B250055EEEA /* Products */,
			);
			sourceTree = "<group>";
		};
		6B5EAB402CCA3B250055EEEA /* Products */ = {
			isa = PBXGroup;
			children = (
				6B5EAB3F2CCA3B250055EEEA /* SantiSbustati.app */,
				6B5EAB4F2CCA3B260055EEEA /* SantiSbustatiTests.xctest */,
				6B5EAB592CCA3B260055EEEA /* SantiSbustatiUITests.xctest */,
			);
			name = Products;
			sourceTree = "<group>";
		};
/* End PBXGroup section */

/* Begin PBXNativeTarget section */
		6B5EAB3E2CCA3B250055EEEA /* SantiSbustati */ = {
			isa = PBXNativeTarget;
			buildConfigurationList = 6B5EAB632CCA3B260055EEEA /* Build configuration list for PBXNativeTarget "SantiSbustati" */;
			buildPhases = (
				6B5EAB3B2CCA3B250055EEEA /* Sources */,
				6B5EAB3C2CCA3B250055EEEA /* Frameworks */,
				6B5EAB3D2CCA3B250055EEEA /* Resources */,
			);
			buildRules = (
			);
			dependencies = (
			);
			fileSystemSynchronizedGroups = (
				6B5EAB412CCA3B250055EEEA /* SantiSbustati */,
			);
			name = SantiSbustati;
			packageProductDependencies = (
			);
			productName = SantiSbustati;
			productReference = 6B5EAB3F2CCA3B250055EEEA /* SantiSbustati.app */;
			productType = "com.apple.product-type.application";
		};
		6B5EAB4E2CCA3B260055EEEA /* SantiSbustatiTests */ = {
			isa = PBXNativeTarget;
			buildConfigurationList = 6B5EAB662CCA3B260055EEEA /* Build configuration list for PBXNativeTarget "SantiSbustatiTests" */;
			buildPhases = (
				6B5EAB4B2CCA3B260055EEEA /* Sources */,
				6B5EAB4C2CCA3B260055EEEA /* Frameworks */,
				6B5EAB4D2CCA3B260055EEEA /* Resources */,
			);
			buildRules = (
			);
			dependencies = (
				6B5EAB512CCA3B260055EEEA /* PBXTargetDependency */,
			);
			fileSystemSynchronizedGroups = (
				6B5EAB522CCA3B260055EEEA /* SantiSbustatiTests */,
			);
			name = SantiSbustatiTests;
			packageProductDependencies = (
			);
			productName = SantiSbustatiTests;
			productReference = 6B5EAB4F2CCA3B260055EEEA /* SantiSbustatiTests.xctest */;
			productType = "com.apple.product-type.bundle.unit-test";
		};
		6B5EAB582CCA3B260055EEEA /* SantiSbustatiUITests */ = {
			isa = PBXNativeTarget;
			buildConfigurationList = 6B5EAB692CCA3B260055EEEA /* Build configuration list for PBXNativeTarget "SantiSbustatiUITests" */;
			buildPhases = (
				6B5EAB552CCA3B260055EEEA /* Sources */,
				6B5EAB562CCA3B260055EEEA /* Frameworks */,
				6B5EAB572CCA3B260055EEEA /* Resources */,
			);
			buildRules = (
			);
			dependencies = (
				6B5EAB5B2CCA3B260055EEEA /* PBXTargetDependency */,
			);
			fileSystemSynchronizedGroups = (
				6B5EAB5C2CCA3B260055EEEA /* SantiSbustatiUITests */,
			);
			name = SantiSbustatiUITests;
			packageProductDependencies = (
			);
			productName = SantiSbustatiUITests;
			productReference = 6B5EAB592CCA3B260055EEEA /* SantiSbustatiUITests.xctest */;
			productType = "com.apple.product-type.bundle.ui-testing";
		};
/* End PBXNativeTarget section */

/* Begin PBXProject section */
		6B5EAB372CCA3B250055EEEA /* Project object */ = {
			isa = PBXProject;
			attributes = {
				BuildIndependentTargetsInParallel = 1;
				LastSwiftUpdateCheck = 1600;
				LastUpgradeCheck = 1600;
				TargetAttributes = {
					6B5EAB3E2CCA3B250055EEEA = {
						CreatedOnToolsVersion = 16.0;
					};
					6B5EAB4E2CCA3B260055EEEA = {
						CreatedOnToolsVersion = 16.0;
						TestTargetID = 6B5EAB3E2CCA3B250055EEEA;
					};
					6B5EAB582CCA3B260055EEEA = {
						CreatedOnToolsVersion = 16.0;
						TestTargetID = 6B5EAB3E2CCA3B250055EEEA;
					};
				};
			};
			buildConfigurationList = 6B5EAB3A2CCA3B250055EEEA /* Build configuration list for PBXProject "SantiSbustati" */;
			developmentRegion = en;
			hasScannedForEncodings = 0;
			knownRegions = (
				en,
				Base,
			);
			mainGroup = 6B5EAB362CCA3B250055EEEA;
			minimizedProjectReferenceProxies = 1;
			preferredProjectObjectVersion = 77;
			productRefGroup = 6B5EAB402CCA3B250055EEEA /* Products */;
			projectDirPath = "";
			projectRoot = "";
			targets = (
				6B5EAB3E2CCA3B250055EEEA /* SantiSbustati */,
				6B5EAB4E2CCA3B260055EEEA /* SantiSbustatiTests */,
				6B5EAB582CCA3B260055EEEA /* SantiSbustatiUITests */,
			);
		};
/* End PBXProject section */

/* Begin PBXResourcesBuildPhase section */
		6B5EAB3D2CCA3B250055EEEA /* Resources */ = {
			isa = PBXResourcesBuildPhase;
			buildActionMask = 2147483647;
			files = (
			);
			runOnlyForDeploymentPostprocessing = 0;
		};
		6B5EAB4D2CCA3B260055EEEA /* Resources */ = {
			isa = PBXResourcesBuildPhase;
			buildActionMask = 2147483647;
			files = (
			);
			runOnlyForDeploymentPostprocessing = 0;
		};
		6B5EAB572CCA3B260055EEEA /* Resources */ = {
			isa = PBXResourcesBuildPhase;
			buildActionMask = 2147483647;
			files = (
			);
			runOnlyForDeploymentPostprocessing = 0;
		};
/* End PBXResourcesBuildPhase section */

/* Begin PBXSourcesBuildPhase section */
		6B5EAB3B2CCA3B250055EEEA /* Sources */ = {
			isa = PBXSourcesBuildPhase;
			buildActionMask = 2147483647;
			files = (
			);
			runOnlyForDeploymentPostprocessing = 0;
		};
		6B5EAB4B2CCA3B260055EEEA /* Sources */ = {
			isa = PBXSourcesBuildPhase;
			buildActionMask = 2147483647;
			files = (
			);
			runOnlyForDeploymentPostprocessing = 0;
		};
		6B5EAB552CCA3B260055EEEA /* Sources */ = {
			isa = PBXSourcesBuildPhase;
			buildActionMask = 2147483647;
			files = (
			);
			runOnlyForDeploymentPostprocessing = 0;
		};
/* End PBXSourcesBuildPhase section */

/* Begin PBXTargetDependency section */
		6B5EAB512CCA3B260055EEEA /* PBXTargetDependency */ = {
			isa = PBXTargetDependency;
			target = 6B5EAB3E2CCA3B250055EEEA /* SantiSbustati */;
			targetProxy = 6B5EAB502CCA3B260055EEEA /* PBXContainerItemProxy */;
		};
		6B5EAB5B2CCA3B260055EEEA /* PBXTargetDependency */ = {
			isa = PBXTargetDependency;
			target = 6B5EAB3E2CCA3B250055EEEA /* SantiSbustati */;
			targetProxy = 6B5EAB5A2CCA3B260055EEEA /* PBXContainerItemProxy */;
		};
/* End PBXTargetDependency section */

/* Begin XCBuildConfiguration section */
		6B5EAB612CCA3B260055EEEA /* Debug */ = {
			isa = XCBuildConfiguration;
			buildSettings = {
				ALWAYS_SEARCH_USER_PATHS = NO;
				ASSETCATALOG_COMPILER_GENERATE_SWIFT_ASSET_SYMBOL_EXTENSIONS = YES;
				CLANG_ANALYZER_NONNULL = YES;
				CLANG_ANALYZER_NUMBER_OBJECT_CONVERSION = YES_AGGRESSIVE;
				CLANG_CXX_LANGUAGE_STANDARD = "gnu++20";
				CLANG_ENABLE_MODULES = YES;
				CLANG_ENABLE_OBJC_ARC = YES;
				CLANG_ENABLE_OBJC_WEAK = YES;
				CLANG_WARN_BLOCK_CAPTURE_AUTORELEASING = YES;
				CLANG_WARN_BOOL_CONVERSION = YES;
				CLANG_WARN_COMMA = YES;
				CLANG_WARN_CONSTANT_CONVERSION = YES;
				CLANG_WARN_DEPRECATED_OBJC_IMPLEMENTATIONS = YES;
				CLANG_WARN_DIRECT_OBJC_ISA_USAGE = YES_ERROR;
				CLANG_WARN_DOCUMENTATION_COMMENTS = YES;
				CLANG_WARN_EMPTY_BODY = YES;
				CLANG_WARN_ENUM_CONVERSION = YES;
				CLANG_WARN_INFINITE_RECURSION = YES;
				CLANG_WARN_INT_CONVERSION = YES;
				CLANG_WARN_NON_LITERAL_NULL_CONVERSION = YES;
				CLANG_WARN_OBJC_IMPLICIT_RETAIN_SELF = YES;
				CLANG_WARN_OBJC_LITERAL_CONVERSION = YES;
				CLANG_WARN_OBJC_ROOT_CLASS = YES_ERROR;
				CLANG_WARN_QUOTED_INCLUDE_IN_FRAMEWORK_HEADER = YES;
				CLANG_WARN_RANGE_LOOP_ANALYSIS = YES;
				CLANG_WARN_STRICT_PROTOTYPES = YES;
				CLANG_WARN_SUSPICIOUS_MOVE = YES;
				CLANG_WARN_UNGUARDED_AVAILABILITY = YES_AGGRESSIVE;
				CLANG_WARN_UNREACHABLE_CODE = YES;
				CLANG_WARN__DUPLICATE_METHOD_MATCH = YES;
				COPY_PHASE_STRIP = NO;
				DEBUG_INFORMATION_FORMAT = dwarf;
				ENABLE_STRICT_OBJC_MSGSEND = YES;
				ENABLE_TESTABILITY = YES;
				ENABLE_USER_SCRIPT_SANDBOXING = YES;
				GCC_C_LANGUAGE_STANDARD = gnu17;
				GCC_DYNAMIC_NO_PIC = NO;
				GCC_NO_COMMON_BLOCKS = YES;
				GCC_OPTIMIZATION_LEVEL = 0;
				GCC_PREPROCESSOR_DEFINITIONS = (
					"DEBUG=1",
					"$(inherited)",
				);
				GCC_WARN_64_TO_32_BIT_CONVERSION = YES;
				GCC_WARN_ABOUT_RETURN_TYPE = YES_ERROR;
				GCC_WARN_UNDECLARED_SELECTOR = YES;
				GCC_WARN_UNINITIALIZED_AUTOS = YES_AGGRESSIVE;
				GCC_WARN_UNUSED_FUNCTION = YES;
				GCC_WARN_UNUSED_VARIABLE = YES;
				IPHONEOS_DEPLOYMENT_TARGET = 18.0;
				LOCALIZATION_PREFERS_STRING_CATALOGS = YES;
				MTL_ENABLE_DEBUG_INFO = INCLUDE_SOURCE;
				MTL_FAST_MATH = YES;
				ONLY_ACTIVE_ARCH = YES;
				SDKROOT = iphoneos;
				SWIFT_ACTIVE_COMPILATION_CONDITIONS = "DEBUG $(inherited)";
				SWIFT_OPTIMIZATION_LEVEL = "-Onone";
			};
			name = Debug;
		};
		6B5EAB622CCA3B260055EEEA /* Release */ = {
			isa = XCBuildConfiguration;
			buildSettings = {
				ALWAYS_SEARCH_USER_PATHS = NO;
				ASSETCATALOG_COMPILER_GENERATE_SWIFT_ASSET_SYMBOL_EXTENSIONS = YES;
				CLANG_ANALYZER_NONNULL = YES;
				CLANG_ANALYZER_NUMBER_OBJECT_CONVERSION = YES_AGGRESSIVE;
				CLANG_CXX_LANGUAGE_STANDARD = "gnu++20";
				CLANG_ENABLE_MODULES = YES;
				CLANG_ENABLE_OBJC_ARC = YES;
				CLANG_ENABLE_OBJC_WEAK = YES;
				CLANG_WARN_BLOCK_CAPTURE_AUTORELEASING = YES;
				CLANG_WARN_BOOL_CONVERSION = YES;
				CLANG_WARN_COMMA = YES;
				CLANG_WARN_CONSTANT_CONVERSION = YES;
				CLANG_WARN_DEPRECATED_OBJC_IMPLEMENTATIONS = YES;
				CLANG_WARN_DIRECT_OBJC_ISA_USAGE = YES_ERROR;
				CLANG_WARN_DOCUMENTATION_COMMENTS = YES;
				CLANG_WARN_EMPTY_BODY = YES;
				CLANG_WARN_ENUM_CONVERSION = YES;
				CLANG_WARN_INFINITE_RECURSION = YES;
				CLANG_WARN_INT_CONVERSION = YES;
				CLANG_WARN_NON_LITERAL_NULL_CONVERSION = YES;
				CLANG_WARN_OBJC_IMPLICIT_RETAIN_SELF = YES;
				CLANG_WARN_OBJC_LITERAL_CONVERSION = YES;
				CLANG_WARN_OBJC_ROOT_CLASS = YES_ERROR;
				CLANG_WARN_QUOTED_INCLUDE_IN_FRAMEWORK_HEADER = YES;
				CLANG_WARN_RANGE_LOOP_ANALYSIS = YES;
				CLANG_WARN_STRICT_PROTOTYPES = YES;
				CLANG_WARN_SUSPICIOUS_MOVE = YES;
				CLANG_WARN_UNGUARDED_AVAILABILITY = YES_AGGRESSIVE;
				CLANG_WARN_UNREACHABLE_CODE = YES;
				CLANG_WARN__DUPLICATE_METHOD_MATCH = YES;
				COPY_PHASE_STRIP = NO;
				DEBUG_INFORMATION_FORMAT = "dwarf-with-dsym";
				ENABLE_NS_ASSERTIONS = NO;
				ENABLE_STRICT_OBJC_MSGSEND = YES;
				ENABLE_USER_SCRIPT_SANDBOXING = YES;
				GCC_C_LANGUAGE_STANDARD = gnu17;
				GCC_NO_COMMON_BLOCKS = YES;
				GCC_WARN_64_TO_32_BIT_CONVERSION = YES;
				GCC_WARN_ABOUT_RETURN_TYPE = YES_ERROR;
				GCC_WARN_UNDECLARED_SELECTOR = YES;
				GCC_WARN_UNINITIALIZED_AUTOS = YES_AGGRESSIVE;
				GCC_WARN_UNUSED_FUNCTION = YES;
				GCC_WARN_UNUSED_VARIABLE = YES;
				IPHONEOS_DEPLOYMENT_TARGET = 18.0;
				LOCALIZATION_PREFERS_STRING_CATALOGS = YES;
				MTL_ENABLE_DEBUG_INFO = NO;
				MTL_FAST_MATH = YES;
				SDKROOT = iphoneos;
				SWIFT_COMPILATION_MODE = wholemodule;
				VALIDATE_PRODUCT = YES;
			};
			name = Release;
		};
		6B5EAB642CCA3B260055EEEA /* Debug */ = {
			isa = XCBuildConfiguration;
			buildSettings = {
				ASSETCATALOG_COMPILER_APPICON_NAME = AppIcon;
				ASSETCATALOG_COMPILER_GLOBAL_ACCENT_COLOR_NAME = AccentColor;
				CODE_SIGN_STYLE = Automatic;
				CURRENT_PROJECT_VERSION = 1;
				DEVELOPMENT_ASSET_PATHS = "\"SantiSbustati/Preview Content\"";
				DEVELOPMENT_TEAM = UR97CAUL72;
				ENABLE_PREVIEWS = YES;
				GENERATE_INFOPLIST_FILE = YES;
				INFOPLIST_KEY_UIApplicationSceneManifest_Generation = YES;
				INFOPLIST_KEY_UIApplicationSupportsIndirectInputEvents = YES;
				INFOPLIST_KEY_UILaunchScreen_Generation = YES;
				INFOPLIST_KEY_UISupportedInterfaceOrientations_iPad = "UIInterfaceOrientationPortrait UIInterfaceOrientationPortraitUpsideDown UIInterfaceOrientationLandscapeLeft UIInterfaceOrientationLandscapeRight";
				INFOPLIST_KEY_UISupportedInterfaceOrientations_iPhone = "UIInterfaceOrientationPortrait UIInterfaceOrientationLandscapeLeft UIInterfaceOrientationLandscapeRight";
				LD_RUNPATH_SEARCH_PATHS = (
					"$(inherited)",
					"@executable_path/Frameworks",
				);
				MARKETING_VERSION = 1.0;
				PRODUCT_BUNDLE_IDENTIFIER = com.academy.SantiSbustati;
				PRODUCT_NAME = "$(TARGET_NAME)";
				SWIFT_EMIT_LOC_STRINGS = YES;
				SWIFT_VERSION = 5.0;
				TARGETED_DEVICE_FAMILY = "1,2";
			};
			name = Debug;
		};
		6B5EAB652CCA3B260055EEEA /* Release */ = {
			isa = XCBuildConfiguration;
			buildSettings = {
				ASSETCATALOG_COMPILER_APPICON_NAME = AppIcon;
				ASSETCATALOG_COMPILER_GLOBAL_ACCENT_COLOR_NAME = AccentColor;
				CODE_SIGN_STYLE = Automatic;
				CURRENT_PROJECT_VERSION = 1;
				DEVELOPMENT_ASSET_PATHS = "\"SantiSbustati/Preview Content\"";
				DEVELOPMENT_TEAM = UR97CAUL72;
				ENABLE_PREVIEWS = YES;
				GENERATE_INFOPLIST_FILE = YES;
				INFOPLIST_KEY_UIApplicationSceneManifest_Generation = YES;
				INFOPLIST_KEY_UIApplicationSupportsIndirectInputEvents = YES;
				INFOPLIST_KEY_UILaunchScreen_Generation = YES;
				INFOPLIST_KEY_UISupportedInterfaceOrientations_iPad = "UIInterfaceOrientationPortrait UIInterfaceOrientationPortraitUpsideDown UIInterfaceOrientationLandscapeLeft UIInterfaceOrientationLandscapeRight";
				INFOPLIST_KEY_UISupportedInterfaceOrientations_iPhone = "UIInterfaceOrientationPortrait UIInterfaceOrientationLandscapeLeft UIInterfaceOrientationLandscapeRight";
				LD_RUNPATH_SEARCH_PATHS = (
					"$(inherited)",
					"@executable_path/Frameworks",
				);
				MARKETING_VERSION = 1.0;
				PRODUCT_BUNDLE_IDENTIFIER = com.academy.SantiSbustati;
				PRODUCT_NAME = "$(TARGET_NAME)";
				SWIFT_EMIT_LOC_STRINGS = YES;
				SWIFT_VERSION = 5.0;
				TARGETED_DEVICE_FAMILY = "1,2";
			};
			name = Release;
		};
		6B5EAB672CCA3B260055EEEA /* Debug */ = {
			isa = XCBuildConfiguration;
			buildSettings = {
				BUNDLE_LOADER = "$(TEST_HOST)";
				CODE_SIGN_STYLE = Automatic;
				CURRENT_PROJECT_VERSION = 1;
				DEVELOPMENT_TEAM = UR97CAUL72;
				GENERATE_INFOPLIST_FILE = YES;
				IPHONEOS_DEPLOYMENT_TARGET = 18.0;
				MARKETING_VERSION = 1.0;
				PRODUCT_BUNDLE_IDENTIFIER = com.academy.SantiSbustatiTests;
				PRODUCT_NAME = "$(TARGET_NAME)";
				SWIFT_EMIT_LOC_STRINGS = NO;
				SWIFT_VERSION = 5.0;
				TARGETED_DEVICE_FAMILY = "1,2";
				TEST_HOST = "$(BUILT_PRODUCTS_DIR)/SantiSbustati.app/$(BUNDLE_EXECUTABLE_FOLDER_PATH)/SantiSbustati";
			};
			name = Debug;
		};
		6B5EAB682CCA3B260055EEEA /* Release */ = {
			isa = XCBuildConfiguration;
			buildSettings = {
				BUNDLE_LOADER = "$(TEST_HOST)";
				CODE_SIGN_STYLE = Automatic;
				CURRENT_PROJECT_VERSION = 1;
				DEVELOPMENT_TEAM = UR97CAUL72;
				GENERATE_INFOPLIST_FILE = YES;
				IPHONEOS_DEPLOYMENT_TARGET = 18.0;
				MARKETING_VERSION = 1.0;
				PRODUCT_BUNDLE_IDENTIFIER = com.academy.SantiSbustatiTests;
				PRODUCT_NAME = "$(TARGET_NAME)";
				SWIFT_EMIT_LOC_STRINGS = NO;
				SWIFT_VERSION = 5.0;
				TARGETED_DEVICE_FAMILY = "1,2";
				TEST_HOST = "$(BUILT_PRODUCTS_DIR)/SantiSbustati.app/$(BUNDLE_EXECUTABLE_FOLDER_PATH)/SantiSbustati";
			};
			name = Release;
		};
		6B5EAB6A2CCA3B260055EEEA /* Debug */ = {
			isa = XCBuildConfiguration;
			buildSettings = {
				CODE_SIGN_STYLE = Automatic;
				CURRENT_PROJECT_VERSION = 1;
				DEVELOPMENT_TEAM = UR97CAUL72;
				GENERATE_INFOPLIST_FILE = YES;
				MARKETING_VERSION = 1.0;
				PRODUCT_BUNDLE_IDENTIFIER = com.academy.SantiSbustatiUITests;
				PRODUCT_NAME = "$(TARGET_NAME)";
				SWIFT_EMIT_LOC_STRINGS = NO;
				SWIFT_VERSION = 5.0;
				TARGETED_DEVICE_FAMILY = "1,2";
				TEST_TARGET_NAME = SantiSbustati;
			};
			name = Debug;
		};
		6B5EAB6B2CCA3B260055EEEA /* Release */ = {
			isa = XCBuildConfiguration;
			buildSettings = {
				CODE_SIGN_STYLE = Automatic;
				CURRENT_PROJECT_VERSION = 1;
				DEVELOPMENT_TEAM = UR97CAUL72;
				GENERATE_INFOPLIST_FILE = YES;
				MARKETING_VERSION = 1.0;
				PRODUCT_BUNDLE_IDENTIFIER = com.academy.SantiSbustatiUITests;
				PRODUCT_NAME = "$(TARGET_NAME)";
				SWIFT_EMIT_LOC_STRINGS = NO;
				SWIFT_VERSION = 5.0;
				TARGETED_DEVICE_FAMILY = "1,2";
				TEST_TARGET_NAME = SantiSbustati;
			};
			name = Release;
		};
/* End XCBuildConfiguration section */

/* Begin XCConfigurationList section */
		6B5EAB3A2CCA3B250055EEEA /* Build configuration list for PBXProject "SantiSbustati" */ = {
			isa = XCConfigurationList;
			buildConfigurations = (
				6B5EAB612CCA3B260055EEEA /* Debug */,
				6B5EAB622CCA3B260055EEEA /* Release */,
			);
			defaultConfigurationIsVisible = 0;
			defaultConfigurationName = Release;
		};
		6B5EAB632CCA3B260055EEEA /* Build configuration list for PBXNativeTarget "SantiSbustati" */ = {
			isa = XCConfigurationList;
			buildConfigurations = (
				6B5EAB642CCA3B260055EEEA /* Debug */,
				6B5EAB652CCA3B260055EEEA /* Release */,
			);
			defaultConfigurationIsVisible = 0;
			defaultConfigurationName = Release;
		};
		6B5EAB662CCA3B260055EEEA /* Build configuration list for PBXNativeTarget "SantiSbustatiTests" */ = {
			isa = XCConfigurationList;
			buildConfigurations = (
				6B5EAB672CCA3B260055EEEA /* Debug */,
				6B5EAB682CCA3B260055EEEA /* Release */,
			);
			defaultConfigurationIsVisible = 0;
			defaultConfigurationName = Release;
		};
		6B5EAB692CCA3B260055EEEA /* Build configuration list for PBXNativeTarget "SantiSbustatiUITests" */ = {
			isa = XCConfigurationList;
			buildConfigurations = (
				6B5EAB6A2CCA3B260055EEEA /* Debug */,
				6B5EAB6B2CCA3B260055EEEA /* Release */,
			);
			defaultConfigurationIsVisible = 0;
			defaultConfigurationName = Release;
		};
/* End XCConfigurationList section */
	};
	rootObject = 6B5EAB372CCA3B250055EEEA /* Project object */;
}
